dependencies:
  espressif/bdc_motor:
    component_hash: 9292b605cfd390ff62225caa93e02700b86377e6a3156620192e4876dcf87b27
    source:
      service_url: https://api.components.espressif.com/
      type: service
    version: 0.1.0
  espressif/pid_ctrl:
    component_hash: null
    source:
      path: /home/user/workspace/platformIO_test/little_car_idf/components/espressif__pid_ctrl
      type: local
    version: 0.1.1
  idf:
    component_hash: null
    source:
      type: idf
    version: 5.4.0
manifest_hash: b716ec1ab09bcbadb538e01f87d2abe29c4fbf6fc4d2a870dcbaed95beec37bd
target: esp32s3
version: 1.0.0
